
Microsoft Visual Studio Solution File, Format Version 12.00
# Visual Studio Version 16
VisualStudioVersion = 16.0.30413.136
MinimumVisualStudioVersion = 10.0.40219.1
Project("{FAE04EC0-301F-11D3-BF4B-00C04F79EFBC}") = "estructura", "estructura.csproj", "{A3E4B685-E954-47AA-9904-15011617D28F}"
EndProject
Global
	GlobalSection(SolutionConfigurationPlatforms) = preSolution
		Debug|Any CPU = Debug|Any CPU
		Release|Any CPU = Release|Any CPU
	EndGlobalSection
	GlobalSection(ProjectConfigurationPlatforms) = postSolution
		{A3E4B685-E954-47AA-9904-15011617D28F}.Debug|Any CPU.ActiveCfg = Debug|Any CPU
		{A3E4B685-E954-47AA-9904-15011617D28F}.Debug|Any CPU.Build.0 = Debug|Any CPU
		{A3E4B685-E954-47AA-9904-15011617D28F}.Release|Any CPU.ActiveCfg = Release|Any CPU
		{A3E4B685-E954-47AA-9904-15011617D28F}.Release|Any CPU.Build.0 = Release|Any CPU
	EndGlobalSection
	GlobalSection(SolutionProperties) = preSolution
		HideSolutionNode = FALSE
	EndGlobalSection
	GlobalSection(ExtensibilityGlobals) = postSolution
		SolutionGuid = {BAE020AE-3063-44C8-B1C0-0E88F2F17A4B}
	EndGlobalSection
EndGlobal
